github.com/matryer/is v1.4.0 h1:sosSmIWwkYITGrxZ25ULNDeKiMNzFSr4V/eqBQP0PeE=
github.com/matryer/is v1.4.0/go.mod h1:8I/i5uYgLzgsgEloJE1U6xx5HkBQpAZvepWuujKwMRU=
golang.org/x/exp v0.0.0-20220321173239-a90fa8a75705 h1:ba9YlqfDGTTQ5aZ2fwOoQ1hf32QySyQkR6ODGDzHlnE=
golang.org/x/exp v0.0.0-20220321173239-a90fa8a75705/go.mod h1:lgLbSvA5ygNOMpwM/9anMpWVlVJ7Z+cHWq/eFuinpGE=
